# This file is automatically @generated by Cargo.
# It is not intended for manual editing.
version = 3

[[package]]
name = "alura"
version = "0.1.0"

[[package]]
name = "alura_curso_02"
version = "0.1.0"

[[package]]
name = "hello_world"
version = "0.1.0"

[[package]]
name = "pesquisa_binaria"
version = "0.1.0"
